version = 1
revision = 3
requires-python = "==3.11.15"

[[package]]
name = "mpmath"
version = "1.4.1"
source = { registry = "https://pypi.org/simple" }
sdist = { url = "https://files.pythonhosted.org/packages/c5/b0/6de8e78014ff1842a90cc9a56da6ccfb598a5390ed0257fcdb7d9680c18b/mpmath-1.4.1.tar.gz", hash = "sha256:efd6d1b75f09d69524a67609949812668b28e81ecbfe0ab449ced8c13e92642e", size = 2093211, upload-time = "2026-03-15T01:17:38.245Z" }
wheels = [
    { url = "https://files.pythonhosted.org/packages/13/f2/abeec3db71d221ccd3cd89d206be1fabf5a3ee7178862f5fba23a59607e0/mpmath-1.4.1-py3-none-any.whl", hash = "sha256:dc4f0ea2304480d4a9a48a94c1020571558ade522b44a6912efac63a586e140f", size = 567787, upload-time = "2026-03-15T01:17:36.392Z" },
]

[[package]]
name = "numpy"
version = "2.4.6"
source = { registry = "https://pypi.org/simple" }
sdist = { url = "https://files.pythonhosted.org/packages/d0/ad/fed0499ce6a338d2a03ebae59cd15093910c8875328855781952abf6c2fe/numpy-2.4.6.tar.gz", hash = "sha256:f3a3570c4a2a16746ac2c31a7c7c7b0c186b95ce902e33db6f28094ed7387dda", size = 20735807, upload-time = "2026-05-18T23:37:14.07Z" }
wheels = [
    { url = "https://files.pythonhosted.org/packages/b3/49/ec46835a70be8fa6446c495126ac84fdb28cb2558e1620ffb87a10c8b64c/numpy-2.4.6-cp311-cp311-macosx_10_9_x86_64.whl", hash = "sha256:0280e0356c0829a18d9de1cb7eee50ec22ca639878d7240307ca0943d73cd2c4", size = 16969194, upload-time = "2026-05-18T23:33:13.503Z" },
    { url = "https://files.pythonhosted.org/packages/0e/0d/f5957185c0ee2f3e12f78715aa9e3b353fd83633316c8532b38faa37e3f6/numpy-2.4.6-cp311-cp311-macosx_11_0_arm64.whl", hash = "sha256:110f8b71aacb688ec69062bb7f6938a0f8acb01b7c1c4beb453c65b6d234584d", size = 14964111, upload-time = "2026-05-18T23:33:17.795Z" },
    { url = "https://files.pythonhosted.org/packages/ad/40/40a40ee0ddf7ceb782c49af278894b686e586d65d8c1889c8b5da01a3d7d/numpy-2.4.6-cp311-cp311-macosx_14_0_arm64.whl", hash = "sha256:4cfe66903cc32a9921a6733d96b19bb6abf310397581bbad89c228f5abaf0ee8", size = 5469159, upload-time = "2026-05-18T23:33:20.654Z" },
    { url = "https://files.pythonhosted.org/packages/63/13/f9a8046535cb21deae82f8d03de9617e08882d274fad2539630761888228/numpy-2.4.6-cp311-cp311-macosx_14_0_x86_64.whl", hash = "sha256:8155154c7c691289fe18f510b5d4657c68c67989f293f0535a91360392ff6538", size = 6798936, upload-time = "2026-05-18T23:33:22.987Z" },
    { url = "https://files.pythonhosted.org/packages/33/a8/6fa8c1a345a8c85dbb21932c447bee07c30a2c2a3f31e369c0a84b300147/numpy-2.4.6-cp311-cp311-manylinux_2_27_aarch64.manylinux_2_28_aarch64.whl", hash = "sha256:0ab0a9c4ffb1a6d95ef519fe4247dba8eb6b18ad93999f76b7f657039acabd47", size = 15966692, upload-time = "2026-05-18T23:33:26.62Z" },
    { url = "https://files.pythonhosted.org/packages/02/03/74fe2a4cb3817d94d86402f2506554130a2f01414e299b5a843e5a8a957f/numpy-2.4.6-cp311-cp311-manylinux_2_27_x86_64.manylinux_2_28_x86_64.whl", hash = "sha256:89cd468399cfd2504718f0ba50e410dca55a170b61a02ad92bb18c8a65186e93", size = 16918164, upload-time = "2026-05-18T23:33:29.955Z" },
    { url = "https://files.pythonhosted.org/packages/c5/80/3615be3313f7e7696609bc194b9f0101da809df79e859bdb84e0cd043f46/numpy-2.4.6-cp311-cp311-musllinux_1_2_aarch64.whl", hash = "sha256:c2d37ab77531417474168eb79d6d80b14f821a966818505d03013d0833edb7a8", size = 17322877, upload-time = "2026-05-18T23:33:34.724Z" },
    { url = "https://files.pythonhosted.org/packages/ca/ac/a691e0fe2675e370d0e08ff905adc49a1c8830e8cae03efe4477e92cd55d/numpy-2.4.6-cp311-cp311-musllinux_1_2_x86_64.whl", hash = "sha256:f407cb6b8e9d6d8c626bc73c945db1706035af8fd632295547bf1c9e46d092d6", size = 18651487, upload-time = "2026-05-18T23:33:38.217Z" },
    { url = "https://files.pythonhosted.org/packages/15/a7/9bc1cd626d7bf6869bfedf27b91b6ab5dd607758bf8e959d6fa80c6a59cb/numpy-2.4.6-cp311-cp311-win32.whl", hash = "sha256:ddea102b48f9e339f3948bf22040944184627a30fdf7f858667673b9c5f033c8", size = 6233945, upload-time = "2026-05-18T23:33:41.331Z" },
    { url = "https://files.pythonhosted.org/packages/c5/31/7fc6239c12bce7e931463251cca4426c465e1876ba3cc785402ef4dd8f4e/numpy-2.4.6-cp311-cp311-win_amd64.whl", hash = "sha256:1e254a00cdf42b1e4d5b3d68d33af63268d41340d8885df2ab6470f2e1500147", size = 12608406, upload-time = "2026-05-18T23:33:44.131Z" },
    { url = "https://files.pythonhosted.org/packages/27/83/140f85a466595a16382996a1bf06b2b54bcd597488921b0c9daaeeda72af/numpy-2.4.6-cp311-cp311-win_arm64.whl", hash = "sha256:ed9749eef4cbd126da3dc1d6bcb3a57f5eb7ac6a6484146bdbf743f552dfc577", size = 10479528, upload-time = "2026-05-18T23:33:50.725Z" },
    { url = "https://files.pythonhosted.org/packages/de/12/b422cc84439adc0d00de605bf4a308890ae5c26f2c71fbd73e5d08fbb0dd/numpy-2.4.6-pp311-pypy311_pp73-macosx_10_15_x86_64.whl", hash = "sha256:55cced7c52e981362f708ad635198e97a752dfba412cc03c23bbf3bd8d5cd662", size = 16847511, upload-time = "2026-05-18T23:36:50.673Z" },
    { url = "https://files.pythonhosted.org/packages/44/53/f481bef68011740f8849418d82db07230e825013f31f4eef5ba5b805316a/numpy-2.4.6-pp311-pypy311_pp73-macosx_11_0_arm64.whl", hash = "sha256:d6da64deb6b8ed903e7560180a92f2d804ee1ba5eeb849ac2748b8c1aba1f6d7", size = 14889064, upload-time = "2026-05-18T23:36:53.879Z" },
    { url = "https://files.pythonhosted.org/packages/7f/57/42ed575c10ced8af951d426bc4e1f8aff16fd851db33f067036215a7f860/numpy-2.4.6-pp311-pypy311_pp73-macosx_14_0_arm64.whl", hash = "sha256:68a5124b13fa6cc2086764a20005d30bc0548146f7f5322f02fce212ca14317f", size = 5394157, upload-time = "2026-05-18T23:36:57.194Z" },
    { url = "https://files.pythonhosted.org/packages/6a/ef/f66cc724fcc36c1e364c67f51ae9146090b8b584f27d58b97fdae3edd737/numpy-2.4.6-pp311-pypy311_pp73-macosx_14_0_x86_64.whl", hash = "sha256:948424b06129ce883307e8cff868c31396d8dc7630a59c61d70d98dbe70f222c", size = 6708728, upload-time = "2026-05-18T23:36:59.575Z" },
    { url = "https://files.pythonhosted.org/packages/1a/9c/c531f2293b91265d8b48e9b329f54fdd7ffae73cb4134ea10cca4237e9cc/numpy-2.4.6-pp311-pypy311_pp73-manylinux_2_27_aarch64.manylinux_2_28_aarch64.whl", hash = "sha256:5dbbdb29840ca3d91ee0fece42fc29278886d908280bfec0a5846c6f901a3eb0", size = 15798374, upload-time = "2026-05-18T23:37:02.674Z" },
    { url = "https://files.pythonhosted.org/packages/1a/b0/413077f6b1153ed3cba361401c6783bbad6114804a000cc22eb71c13e190/numpy-2.4.6-pp311-pypy311_pp73-manylinux_2_27_x86_64.manylinux_2_28_x86_64.whl", hash = "sha256:8ad03c0965fb3c692200e74d458ca28c1dbb4ce96f9a479a8aa041ad5fabca02", size = 16747286, upload-time = "2026-05-18T23:37:06.327Z" },
    { url = "https://files.pythonhosted.org/packages/15/ce/e5ec180bc41812edcd8daeb8639d205622c0e8c02259d8ab25a0201b3c2a/numpy-2.4.6-pp311-pypy311_pp73-win_amd64.whl", hash = "sha256:2803abfebfc990042cd494d8ce2d5f82e9d847af6d35ec486923aa19dbad5e73", size = 12504263, upload-time = "2026-05-18T23:37:09.715Z" },
]

[[package]]
name = "python-flint"
version = "0.9.0"
source = { registry = "https://pypi.org/simple" }
sdist = { url = "https://files.pythonhosted.org/packages/03/d3/32226210a7703b0cfbe0f5b2c56e38b7b7177d4c69663247d8813352595c/python_flint-0.9.0.tar.gz", hash = "sha256:686b2907eedaf0c0842caefab29a5775d2e633fd5815b81e13b81ca2c6ad0a36", size = 486670, upload-time = "2026-07-03T23:29:23.737Z" }
wheels = [
    { url = "https://files.pythonhosted.org/packages/82/20/42ec7f09155485314f97071e53e576bbf00c03cdfd52b37b8dced83a2baa/python_flint-0.9.0-cp310-abi3-macosx_10_9_x86_64.whl", hash = "sha256:be6f010e4c2dbe8994250e2ca218ff1e301ee143c03e712bab812ff9e6b4fc46", size = 8870927, upload-time = "2026-07-03T23:28:23.197Z" },
    { url = "https://files.pythonhosted.org/packages/41/c3/2323ed921fa08ad2a0935775dddba8502d30bfdc3034920abfdac2138236/python_flint-0.9.0-cp310-abi3-macosx_11_0_arm64.whl", hash = "sha256:025fd4e77f2cbbf40f63b9cd7571aad3803deb57aecd72e7c397480fe84921a0", size = 7882651, upload-time = "2026-07-03T23:28:25.477Z" },
    { url = "https://files.pythonhosted.org/packages/db/3f/5f57004f9f43ac6508f874cc97123f11b27b6811b5bb0d320c43f600f0cb/python_flint-0.9.0-cp310-abi3-manylinux2014_x86_64.manylinux_2_17_x86_64.whl", hash = "sha256:376b88cacd30612479e839ffdba887599d3f9c8c0e214852bf80bb2b194e4d76", size = 10125938, upload-time = "2026-07-03T23:28:27.426Z" },
    { url = "https://files.pythonhosted.org/packages/ee/43/fe3689c62e6e5bd2f511165b3baaa4edfce1db2f2c26d0108a0f753b2c49/python_flint-0.9.0-cp310-abi3-manylinux_2_27_aarch64.manylinux_2_28_aarch64.whl", hash = "sha256:0e681705564a22367def0e026185af43783fd466839493baf7bc21c9e506bf15", size = 10137028, upload-time = "2026-07-03T23:28:29.717Z" },
    { url = "https://files.pythonhosted.org/packages/63/dd/4b49e36612e924707090c569cf5c3daa9ba3c3e3050897715e3136d055af/python_flint-0.9.0-cp310-abi3-win_amd64.whl", hash = "sha256:8f1059536b7393e48b1444894c3b54ce1b961e4aa4a356e19217b26690f20db0", size = 9593474, upload-time = "2026-07-03T23:28:31.729Z" },
    { url = "https://files.pythonhosted.org/packages/a3/0e/bf3ad3be80edf54cb98005e3dd19d9b0a8d3618f841f12b703c819b94282/python_flint-0.9.0-cp310-abi3-win_arm64.whl", hash = "sha256:4d78476bce46d28e3655ac5521c2af29a1928ac320aa7e6ace88ebe46fb136e2", size = 7874815, upload-time = "2026-07-03T23:28:33.696Z" },
    { url = "https://files.pythonhosted.org/packages/05/eb/1b9529f194a5cc89461c2c9dfb667087f586b7cf6af3f8283fc2544474bf/python_flint-0.9.0-pp311-pypy311_pp73-macosx_10_15_x86_64.whl", hash = "sha256:5dc53894183513060acae21b561c635d85f8047b36fcfc466c7ab4d8bc55a604", size = 8838844, upload-time = "2026-07-03T23:29:13.219Z" },
    { url = "https://files.pythonhosted.org/packages/c1/66/2e0dc7974a3c44d9ff2a1e3b1c4632a905602c4ed6dd18e4aed68d3be9db/python_flint-0.9.0-pp311-pypy311_pp73-macosx_11_0_arm64.whl", hash = "sha256:aeb6910237dec55a640844c070c69953baed66b95dff1415ad8ef5fad5964ad5", size = 7791782, upload-time = "2026-07-03T23:29:15.696Z" },
    { url = "https://files.pythonhosted.org/packages/14/15/67c02c259e175f6bbb0f803caf0a69048c2ca08b62aa20884ac16e2c4eec/python_flint-0.9.0-pp311-pypy311_pp73-manylinux2014_x86_64.manylinux_2_17_x86_64.whl", hash = "sha256:cf7e2547cf9666905442402277f1b574806c06a1139f7bd00f370ddd1b0b5ede", size = 9969816, upload-time = "2026-07-03T23:29:17.754Z" },
    { url = "https://files.pythonhosted.org/packages/71/94/5068c03cb72cbff2e3ed96c5b65c54b8632d975daf71b57afe957bcf85c6/python_flint-0.9.0-pp311-pypy311_pp73-manylinux_2_27_aarch64.manylinux_2_28_aarch64.whl", hash = "sha256:5b94f126e2ad8bbe783c9532677f190e0fd69bfa77018f47a0ddc2db6168c2cf", size = 9994765, upload-time = "2026-07-03T23:29:19.707Z" },
    { url = "https://files.pythonhosted.org/packages/5a/bd/2ab583796580cc7f348f2cbaf023f848b6342380c57bb8a6638ec5fd8f2c/python_flint-0.9.0-pp311-pypy311_pp73-win_amd64.whl", hash = "sha256:08022f399c747b75e863060775b74b435c0e62063e62edbd2b471ed24c3fcc78", size = 9463165, upload-time = "2026-07-03T23:29:21.778Z" },
]

[[package]]
name = "python-sat"
version = "1.9.dev13"
source = { registry = "https://pypi.org/simple" }
dependencies = [
    { name = "six" },
]
sdist = { url = "https://files.pythonhosted.org/packages/66/f4/932d1d49ffb0755516a3a76ada2b0cd3c61a23af654813f66781ec919e8a/python_sat-1.9.dev13.tar.gz", hash = "sha256:d739626943f7ff0f2c71f54c88f9710ece7efbf4043a1408d6f7e807abb4fde4", size = 6037616, upload-time = "2026-08-11T05:20:09.16Z" }
wheels = [
    { url = "https://files.pythonhosted.org/packages/65/1d/0115172cb0d5f7f7c26a5e0b05260e90222f38c7ef7559d1b1edb948acf7/python_sat-1.9.dev13-cp311-cp311-macosx_10_9_x86_64.whl", hash = "sha256:3e294019f5c72c1e768d055e8e969efa11235dab864bc8ee8c1075eb486509a5", size = 2571898, upload-time = "2026-08-11T05:19:02.705Z" },
    { url = "https://files.pythonhosted.org/packages/70/4e/7fc8d22889ec0d15bcea6a2d7b36d16176a6d5d292f3ac3f8def499c6372/python_sat-1.9.dev13-cp311-cp311-macosx_11_0_arm64.whl", hash = "sha256:607196afc86c8653970b228943ceffc79d4e22fde5e5160b0a2ecb90c345954a", size = 2360717, upload-time = "2026-08-11T05:19:04.182Z" },
    { url = "https://files.pythonhosted.org/packages/a0/e9/7091b8b0498802096fb8f1f14ece9aae7629e1ec3603f4e068ee1103a3b1/python_sat-1.9.dev13-cp311-cp311-manylinux_2_24_aarch64.manylinux_2_28_aarch64.whl", hash = "sha256:cde3efc6ec1df78c9d2d843a693d8a61706457bf6be60ad9a3be34b7c37934a6", size = 3797860, upload-time = "2026-08-11T05:19:05.714Z" },
    { url = "https://files.pythonhosted.org/packages/70/63/5eb70edc02a06281930450fbe399bb80fc391d36c8d88b752bde3f07c9f1/python_sat-1.9.dev13-cp311-cp311-manylinux_2_24_x86_64.manylinux_2_28_x86_64.whl", hash = "sha256:f115effac4629d43f7e2e5f638d6d671855bc6ecc0b3564bf024f929a2e62c9a", size = 3931952, upload-time = "2026-08-11T05:19:08.361Z" },
    { url = "https://files.pythonhosted.org/packages/16/38/870c84431e3e2c8974f396ab1bd42f3eb3990e9d1861bae7ad1434e5e38c/python_sat-1.9.dev13-cp311-cp311-musllinux_1_2_aarch64.whl", hash = "sha256:fe4dd3deb70c91f8f24414c10d50c85a5ab1150f2a03ff4af7e4f0cb99d852f6", size = 4779871, upload-time = "2026-08-11T05:19:10.048Z" },
    { url = "https://files.pythonhosted.org/packages/a4/de/6ab1aaa04dbe69d30721673064e25a87310e4d23cf0cfec5db18304eae1b/python_sat-1.9.dev13-cp311-cp311-musllinux_1_2_x86_64.whl", hash = "sha256:aba93f35a5d6186713e12a595904135c58d9c62cbb7b997e2263ae1ec0453d9d", size = 4941456, upload-time = "2026-08-11T05:19:11.86Z" },
    { url = "https://files.pythonhosted.org/packages/f0/46/db449b3ef882008664285e8682ef3eeec1e6b2770b26602dcb9ebecc670b/python_sat-1.9.dev13-cp311-cp311-win_amd64.whl", hash = "sha256:64844381b8d2397defe9f6efc96aa14e2300942920a80a3eaded37a4a77fc05d", size = 1915382, upload-time = "2026-08-11T05:29:22.047Z" },
]

[[package]]
name = "ramsey-bounds-reproducible"
version = "0.1.0"
source = { virtual = "." }
dependencies = [
    { name = "mpmath" },
    { name = "python-flint" },
    { name = "python-sat" },
]

[package.optional-dependencies]
search = [
    { name = "numpy" },
    { name = "scipy" },
]

[package.metadata]
requires-dist = [
    { name = "mpmath", specifier = "==1.4.1" },
    { name = "numpy", marker = "extra == 'search'", specifier = "==2.4.6" },
    { name = "python-flint", specifier = "==0.9.0" },
    { name = "python-sat", specifier = "==1.9.dev13" },
    { name = "scipy", marker = "extra == 'search'", specifier = "==1.16.1" },
]
provides-extras = ["search"]

[[package]]
name = "scipy"
version = "1.16.1"
source = { registry = "https://pypi.org/simple" }
dependencies = [
    { name = "numpy" },
]
sdist = { url = "https://files.pythonhosted.org/packages/f5/4a/b927028464795439faec8eaf0b03b011005c487bb2d07409f28bf30879c4/scipy-1.16.1.tar.gz", hash = "sha256:44c76f9e8b6e8e488a586190ab38016e4ed2f8a038af7cd3defa903c0a2238b3", size = 30580861, upload-time = "2025-07-27T16:33:30.834Z" }
wheels = [
    { url = "https://files.pythonhosted.org/packages/da/91/812adc6f74409b461e3a5fa97f4f74c769016919203138a3bf6fc24ba4c5/scipy-1.16.1-cp311-cp311-macosx_10_14_x86_64.whl", hash = "sha256:c033fa32bab91dc98ca59d0cf23bb876454e2bb02cbe592d5023138778f70030", size = 36552519, upload-time = "2025-07-27T16:26:29.658Z" },
    { url = "https://files.pythonhosted.org/packages/47/18/8e355edcf3b71418d9e9f9acd2708cc3a6c27e8f98fde0ac34b8a0b45407/scipy-1.16.1-cp311-cp311-macosx_12_0_arm64.whl", hash = "sha256:6e5c2f74e5df33479b5cd4e97a9104c511518fbd979aa9b8f6aec18b2e9ecae7", size = 28638010, upload-time = "2025-07-27T16:26:38.196Z" },
    { url = "https://files.pythonhosted.org/packages/d9/eb/e931853058607bdfbc11b86df19ae7a08686121c203483f62f1ecae5989c/scipy-1.16.1-cp311-cp311-macosx_14_0_arm64.whl", hash = "sha256:0a55ffe0ba0f59666e90951971a884d1ff6f4ec3275a48f472cfb64175570f77", size = 20909790, upload-time = "2025-07-27T16:26:43.93Z" },
    { url = "https://files.pythonhosted.org/packages/45/0c/be83a271d6e96750cd0be2e000f35ff18880a46f05ce8b5d3465dc0f7a2a/scipy-1.16.1-cp311-cp311-macosx_14_0_x86_64.whl", hash = "sha256:f8a5d6cd147acecc2603fbd382fed6c46f474cccfcf69ea32582e033fb54dcfe", size = 23513352, upload-time = "2025-07-27T16:26:50.017Z" },
    { url = "https://files.pythonhosted.org/packages/7c/bf/fe6eb47e74f762f933cca962db7f2c7183acfdc4483bd1c3813cfe83e538/scipy-1.16.1-cp311-cp311-manylinux2014_aarch64.manylinux_2_17_aarch64.whl", hash = "sha256:cb18899127278058bcc09e7b9966d41a5a43740b5bb8dcba401bd983f82e885b", size = 33534643, upload-time = "2025-07-27T16:26:57.503Z" },
    { url = "https://files.pythonhosted.org/packages/bb/ba/63f402e74875486b87ec6506a4f93f6d8a0d94d10467280f3d9d7837ce3a/scipy-1.16.1-cp311-cp311-manylinux2014_x86_64.manylinux_2_17_x86_64.whl", hash = "sha256:adccd93a2fa937a27aae826d33e3bfa5edf9aa672376a4852d23a7cd67a2e5b7", size = 35376776, upload-time = "2025-07-27T16:27:06.639Z" },
    { url = "https://files.pythonhosted.org/packages/c3/b4/04eb9d39ec26a1b939689102da23d505ea16cdae3dbb18ffc53d1f831044/scipy-1.16.1-cp311-cp311-musllinux_1_2_aarch64.whl", hash = "sha256:18aca1646a29ee9a0625a1be5637fa798d4d81fdf426481f06d69af828f16958", size = 35698906, upload-time = "2025-07-27T16:27:14.943Z" },
    { url = "https://files.pythonhosted.org/packages/04/d6/bb5468da53321baeb001f6e4e0d9049eadd175a4a497709939128556e3ec/scipy-1.16.1-cp311-cp311-musllinux_1_2_x86_64.whl", hash = "sha256:d85495cef541729a70cdddbbf3e6b903421bc1af3e8e3a9a72a06751f33b7c39", size = 38129275, upload-time = "2025-07-27T16:27:23.873Z" },
    { url = "https://files.pythonhosted.org/packages/c4/94/994369978509f227cba7dfb9e623254d0d5559506fe994aef4bea3ed469c/scipy-1.16.1-cp311-cp311-win_amd64.whl", hash = "sha256:226652fca853008119c03a8ce71ffe1b3f6d2844cc1686e8f9806edafae68596", size = 38644572, upload-time = "2025-07-27T16:27:32.637Z" },
]

[[package]]
name = "six"
version = "1.17.0"
source = { registry = "https://pypi.org/simple" }
sdist = { url = "https://files.pythonhosted.org/packages/94/e7/b2c673351809dca68a0e064b6af791aa332cf192da575fd474ed7d6f16a2/six-1.17.0.tar.gz", hash = "sha256:ff70335d468e7eb6ec65b95b99d3a2836546063f63acc5171de367e834932a81", size = 34031, upload-time = "2024-12-04T17:35:28.174Z" }
wheels = [
    { url = "https://files.pythonhosted.org/packages/b7/ce/149a00dd41f10bc29e5921b496af8b574d8413afcd5e30dfa0ed46c2cc5e/six-1.17.0-py2.py3-none-any.whl", hash = "sha256:4721f391ed90541fddacab5acf947aa0d3dc7d27b2e1e8eda2be8970586c3274", size = 11050, upload-time = "2024-12-04T17:35:26.475Z" },
]
